
Microsoft Visual Studio Solution File, Format Version 12.00
# Visual Studio Version 17
VisualStudioVersion = 17.0.31903.59
MinimumVisualStudioVersion = 10.0.40219.1
Project("{2150E333-8FDC-42A3-9474-1A3956D46DE8}") = "01.Core", "01.Core", "{1D6AF06B-8EE1-445C-8D69-6B6E8E2AD9A2}"
EndProject
Project("{2150E333-8FDC-42A3-9474-1A3956D46DE8}") = "02.DataAccess", "02.DataAccess", "{0594727E-DDA0-4B4A-9477-2169D4D3B13A}"
EndProject
Project("{2150E333-8FDC-42A3-9474-1A3956D46DE8}") = "03.Business", "03.Business", "{2F2B687A-ACB8-414E-A209-BA671A4E9471}"
EndProject
Project("{2150E333-8FDC-42A3-9474-1A3956D46DE8}") = "04.Presentation", "04.Presentation", "{D0DDC6BF-DE79-4EB9-AA77-D721155282E5}"
EndProject
Project("{2150E333-8FDC-42A3-9474-1A3956D46DE8}") = "05.Shared", "05.Shared", "{80D896C7-6716-410F-BF02-D24661072E33}"
EndProject
Project("{FAE04EC0-301F-11D3-BF4B-00C04F79EFBC}") = "Core", "Core\Core.csproj", "{3FD41DE1-7D0A-450D-8E3D-472BE577A8B8}"
EndProject
Project("{FAE04EC0-301F-11D3-BF4B-00C04F79EFBC}") = "Data", "Data\Data.csproj", "{57190D11-1B9D-4569-B9F8-A79FA902FCF6}"
EndProject
Project("{FAE04EC0-301F-11D3-BF4B-00C04F79EFBC}") = "Repository", "Repository\Repository.csproj", "{CE19EC6F-F882-4F0A-BCDB-31AACC3138E2}"
EndProject
Project("{FAE04EC0-301F-11D3-BF4B-00C04F79EFBC}") = "Service", "Service\Service.csproj", "{614780FB-1C61-464E-9DAA-04337F762370}"
EndProject
Project("{FAE04EC0-301F-11D3-BF4B-00C04F79EFBC}") = "Api", "Api\Api.csproj", "{DB58019D-5BBA-4CBE-AA5E-D26A53BA491C}"
EndProject
Project("{FAE04EC0-301F-11D3-BF4B-00C04F79EFBC}") = "Shared", "Shared\Shared.csproj", "{528FB664-E172-4408-B246-C6D462968752}"
EndProject
Global
	GlobalSection(SolutionConfigurationPlatforms) = preSolution
		Debug|Any CPU = Debug|Any CPU
		Release|Any CPU = Release|Any CPU
	EndGlobalSection
	GlobalSection(ProjectConfigurationPlatforms) = postSolution
		{3FD41DE1-7D0A-450D-8E3D-472BE577A8B8}.Debug|Any CPU.ActiveCfg = Debug|Any CPU
		{3FD41DE1-7D0A-450D-8E3D-472BE577A8B8}.Debug|Any CPU.Build.0 = Debug|Any CPU
		{3FD41DE1-7D0A-450D-8E3D-472BE577A8B8}.Release|Any CPU.ActiveCfg = Release|Any CPU
		{3FD41DE1-7D0A-450D-8E3D-472BE577A8B8}.Release|Any CPU.Build.0 = Release|Any CPU
		{57190D11-1B9D-4569-B9F8-A79FA902FCF6}.Debug|Any CPU.ActiveCfg = Debug|Any CPU
		{57190D11-1B9D-4569-B9F8-A79FA902FCF6}.Debug|Any CPU.Build.0 = Debug|Any CPU
		{57190D11-1B9D-4569-B9F8-A79FA902FCF6}.Release|Any CPU.ActiveCfg = Release|Any CPU
		{57190D11-1B9D-4569-B9F8-A79FA902FCF6}.Release|Any CPU.Build.0 = Release|Any CPU
		{CE19EC6F-F882-4F0A-BCDB-31AACC3138E2}.Debug|Any CPU.ActiveCfg = Debug|Any CPU
		{CE19EC6F-F882-4F0A-BCDB-31AACC3138E2}.Debug|Any CPU.Build.0 = Debug|Any CPU
		{CE19EC6F-F882-4F0A-BCDB-31AACC3138E2}.Release|Any CPU.ActiveCfg = Release|Any CPU
		{CE19EC6F-F882-4F0A-BCDB-31AACC3138E2}.Release|Any CPU.Build.0 = Release|Any CPU
		{614780FB-1C61-464E-9DAA-04337F762370}.Debug|Any CPU.ActiveCfg = Debug|Any CPU
		{614780FB-1C61-464E-9DAA-04337F762370}.Debug|Any CPU.Build.0 = Debug|Any CPU
		{614780FB-1C61-464E-9DAA-04337F762370}.Release|Any CPU.ActiveCfg = Release|Any CPU
		{614780FB-1C61-464E-9DAA-04337F762370}.Release|Any CPU.Build.0 = Release|Any CPU
		{DB58019D-5BBA-4CBE-AA5E-D26A53BA491C}.Debug|Any CPU.ActiveCfg = Debug|Any CPU
		{DB58019D-5BBA-4CBE-AA5E-D26A53BA491C}.Debug|Any CPU.Build.0 = Debug|Any CPU
		{DB58019D-5BBA-4CBE-AA5E-D26A53BA491C}.Release|Any CPU.ActiveCfg = Release|Any CPU
		{DB58019D-5BBA-4CBE-AA5E-D26A53BA491C}.Release|Any CPU.Build.0 = Release|Any CPU
		{528FB664-E172-4408-B246-C6D462968752}.Debug|Any CPU.ActiveCfg = Debug|Any CPU
		{528FB664-E172-4408-B246-C6D462968752}.Debug|Any CPU.Build.0 = Debug|Any CPU
		{528FB664-E172-4408-B246-C6D462968752}.Release|Any CPU.ActiveCfg = Release|Any CPU
		{528FB664-E172-4408-B246-C6D462968752}.Release|Any CPU.Build.0 = Release|Any CPU
	EndGlobalSection
	GlobalSection(SolutionProperties) = preSolution
		HideSolutionNode = FALSE
	EndGlobalSection
	GlobalSection(NestedProjects) = preSolution
		{3FD41DE1-7D0A-450D-8E3D-472BE577A8B8} = {1D6AF06B-8EE1-445C-8D69-6B6E8E2AD9A2}
		{57190D11-1B9D-4569-B9F8-A79FA902FCF6} = {0594727E-DDA0-4B4A-9477-2169D4D3B13A}
		{CE19EC6F-F882-4F0A-BCDB-31AACC3138E2} = {0594727E-DDA0-4B4A-9477-2169D4D3B13A}
		{614780FB-1C61-464E-9DAA-04337F762370} = {2F2B687A-ACB8-414E-A209-BA671A4E9471}
		{DB58019D-5BBA-4CBE-AA5E-D26A53BA491C} = {D0DDC6BF-DE79-4EB9-AA77-D721155282E5}
		{528FB664-E172-4408-B246-C6D462968752} = {80D896C7-6716-410F-BF02-D24661072E33}
	EndGlobalSection
	GlobalSection(ExtensibilityGlobals) = postSolution
		SolutionGuid = {FE245CD7-E41F-4FCA-BD6A-092065A60FF3}
	EndGlobalSection
EndGlobal
